PODS:
  - GoogleMaps (2.0.1):
    - GoogleMaps/Maps (= 2.0.1)
  - GoogleMaps/Base (2.0.1)
  - GoogleMaps/Maps (2.0.1):
    - GoogleMaps/Base (= 2.0.1)
  - GooglePlaces (2.0.1):
    - GoogleMaps/Base (= 2.0.1)
  - ModelMapper (3.0.0)

DEPENDENCIES:
  - GoogleMaps
  - GooglePlaces
  - ModelMapper

SPEC CHECKSUMS:
  GoogleMaps: f09da64fc987c1aa29394567c3cab5a3df83c402
  GooglePlaces: 72fab1d1651c6df0322f2aad245ffb15b80d3c56
  ModelMapper: fc94258e5d21bc2afea8cdc780ca0ca8c159a3ba

PODFILE CHECKSUM: 2fd00e080b7a2e9accbe2698cb4c95b7a83ddfb9

COCOAPODS: 1.0.1
