// !$*UTF8*$!
{
	archiveVersion = 1;
	classes = {
	};
	objectVersion = 46;
	objects = {

/* Begin PBXBuildFile section */
		89EC0C5174E3E46A1DBA3F1D /* Pods_AirtableProject.framework in Frameworks */ = {isa = PBXBuildFile; fileRef = 791F335E9C9892028902A99D /* Pods_AirtableProject.framework */; };
		E1A7F27E1D7CE23D0094F38D /* AppDelegate.swift in Sources */ = {isa = PBXBuildFile; fileRef = E1A7F27D1D7CE23D0094F38D /* AppDelegate.swift */; };
		E1A7F2801D7CE23D0094F38D /* ViewController.swift in Sources */ = {isa = PBXBuildFile; fileRef = E1A7F27F1D7CE23D0094F38D /* ViewController.swift */; };
		E1A7F2831D7CE23D0094F38D /* Main.storyboard in Resources */ = {isa = PBXBuildFile; fileRef = E1A7F2811D7CE23D0094F38D /* Main.storyboard */; };
		E1A7F2851D7CE23D0094F38D /* Assets.xcassets in Resources */ = {isa = PBXBuildFile; fileRef = E1A7F2841D7CE23D0094F38D /* Assets.xcassets */; };
		E1A7F2881D7CE23D0094F38D /* LaunchScreen.storyboard in Resources */ = {isa = PBXBuildFile; fileRef = E1A7F2861D7CE23D0094F38D /* LaunchScreen.storyboard */; };
		E1A7F2901D7CE67B0094F38D /* .gitignore in Resources */ = {isa = PBXBuildFile; fileRef = E1A7F28F1D7CE67B0094F38D /* .gitignore */; };
/* End PBXBuildFile section */

/* Begin PBXFileReference section */
		5B83D7B0F9982AD8F6451339 /* Pods-AirtableProject.debug.xcconfig */ = {isa = PBXFileReference; includeInIndex = 1; lastKnownFileType = text.xcconfig; name = "Pods-AirtableProject.debug.xcconfig"; path = "Pods/Target Support Files/Pods-AirtableProject/Pods-AirtableProject.debug.xcconfig"; sourceTree = "<group>"; };
		791F335E9C9892028902A99D /* Pods_AirtableProject.framework */ = {isa = PBXFileReference; explicitFileType = wrapper.framework; includeInIndex = 0; path = Pods_AirtableProject.framework; sourceTree = BUILT_PRODUCTS_DIR; };
		A603AAF9C2C95C746952ADE2 /* Pods-AirtableProject.release.xcconfig */ = {isa = PBXFileReference; includeInIndex = 1; lastKnownFileType = text.xcconfig; name = "Pods-AirtableProject.release.xcconfig"; path = "Pods/Target Support Files/Pods-AirtableProject/Pods-AirtableProject.release.xcconfig"; sourceTree = "<group>"; };
		E1A7F27A1D7CE23D0094F38D /* AirtableProject.app */ = {isa = PBXFileReference; explicitFileType = wrapper.application; includeInIndex = 0; path = AirtableProject.app; sourceTree = BUILT_PRODUCTS_DIR; };
		E1A7F27D1D7CE23D0094F38D /* AppDelegate.swift */ = {isa = PBXFileReference; lastKnownFileType = sourcecode.swift; path = AppDelegate.swift; sourceTree = "<group>"; };
		E1A7F27F1D7CE23D0094F38D /* ViewController.swift */ = {isa = PBXFileReference; lastKnownFileType = sourcecode.swift; path = ViewController.swift; sourceTree = "<group>"; };
		E1A7F2821D7CE23D0094F38D /* Base */ = {isa = PBXFileReference; lastKnownFileType = file.storyboard; name = Base; path = Base.lproj/Main.storyboard; sourceTree = "<group>"; };
		E1A7F2841D7CE23D0094F38D /* Assets.xcassets */ = {isa = PBXFileReference; lastKnownFileType = folder.assetcatalog; path = Assets.xcassets; sourceTree = "<group>"; };
		E1A7F2871D7CE23D0094F38D /* Base */ = {isa = PBXFileReference; lastKnownFileType = file.storyboard; name = Base; path = Base.lproj/LaunchScreen.storyboard; sourceTree = "<group>"; };
		E1A7F2891D7CE23D0094F38D /* Info.plist */ = {isa = PBXFileReference; lastKnownFileType = text.plist.xml; path = Info.plist; sourceTree = "<group>"; };
		E1A7F28F1D7CE67B0094F38D /* .gitignore */ = {isa = PBXFileReference; fileEncoding = 4; lastKnownFileType = text; path = .gitignore; sourceTree = "<group>"; };
/* End PBXFileReference section */

/* Begin PBXFrameworksBuildPhase section */
		E1A7F2771D7CE23D0094F38D /* Frameworks */ = {
			isa = PBXFrameworksBuildPhase;
			buildActionMask = 2147483647;
			files = (
				89EC0C5174E3E46A1DBA3F1D /* Pods_AirtableProject.framework in Frameworks */,
			);
			runOnlyForDeploymentPostprocessing = 0;
		};
/* End PBXFrameworksBuildPhase section */

/* Begin PBXGroup section */
		604522B30BCF92C451BC7D59 /* Frameworks */ = {
			isa = PBXGroup;
			children = (
				791F335E9C9892028902A99D /* Pods_AirtableProject.framework */,
			);
			name = Frameworks;
			sourceTree = "<group>";
		};
		A69AFFE08BEDF5C5DC258980 /* Pods */ = {
			isa = PBXGroup;
			children = (
				5B83D7B0F9982AD8F6451339 /* Pods-AirtableProject.debug.xcconfig */,
				A603AAF9C2C95C746952ADE2 /* Pods-AirtableProject.release.xcconfig */,
			);
			name = Pods;
			sourceTree = "<group>";
		};
		E1A7F2711D7CE23D0094F38D = {
			isa = PBXGroup;
			children = (
				E1A7F28F1D7CE67B0094F38D /* .gitignore */,
				E1A7F27C1D7CE23D0094F38D /* AirtableProject */,
				E1A7F27B1D7CE23D0094F38D /* Products */,
				A69AFFE08BEDF5C5DC258980 /* Pods */,
				604522B30BCF92C451BC7D59 /* Frameworks */,
			);
			sourceTree = "<group>";
		};
		E1A7F27B1D7CE23D0094F38D /* Products */ = {
			isa = PBXGroup;
			children = (
				E1A7F27A1D7CE23D0094F38D /* AirtableProject.app */,
			);
			name = Products;
			sourceTree = "<group>";
		};
		E1A7F27C1D7CE23D0094F38D /* AirtableProject */ = {
			isa = PBXGroup;
			children = (
				E1A7F27D1D7CE23D0094F38D /* AppDelegate.swift */,
				E1A7F27F1D7CE23D0094F38D /* ViewController.swift */,
				E1A7F2811D7CE23D0094F38D /* Main.storyboard */,
				E1A7F2841D7CE23D0094F38D /* Assets.xcassets */,
				E1A7F2861D7CE23D0094F38D /* LaunchScreen.storyboard */,
				E1A7F2891D7CE23D0094F38D /* Info.plist */,
			);
			path = AirtableProject;
			sourceTree = "<group>";
		};
/* End PBXGroup section */

/* Begin PBXNativeTarget section */
		E1A7F2791D7CE23D0094F38D /* AirtableProject */ = {
			isa = PBXNativeTarget;
			buildConfigurationList = E1A7F28C1D7CE23D0094F38D /* Build configuration list for PBXNativeTarget "AirtableProject" */;
			buildPhases = (
				7C1DB5EC3B5784E36208C50E /* [CP] Check Pods Manifest.lock */,
				E1A7F2761D7CE23D0094F38D /* Sources */,
				E1A7F2771D7CE23D0094F38D /* Frameworks */,
				E1A7F2781D7CE23D0094F38D /* Resources */,
				79FFDE883CB57F37CB1E4482 /* [CP] Embed Pods Frameworks */,
				7A20DF1EB7B7AD005128C281 /* [CP] Copy Pods Resources */,
			);
			buildRules = (
			);
			dependencies = (
			);
			name = AirtableProject;
			productName = AirtableProject;
			productReference = E1A7F27A1D7CE23D0094F38D /* AirtableProject.app */;
			productType = "com.apple.product-type.application";
		};
/* End PBXNativeTarget section */

/* Begin PBXProject section */
		E1A7F2721D7CE23D0094F38D /* Project object */ = {
			isa = PBXProject;
			attributes = {
				LastSwiftUpdateCheck = 0730;
				LastUpgradeCheck = 0730;
				ORGANIZATIONNAME = "Mark Koslow";
				TargetAttributes = {
					E1A7F2791D7CE23D0094F38D = {
						CreatedOnToolsVersion = 7.3.1;
						DevelopmentTeam = 89BWC9MT2T;
					};
				};
			};
			buildConfigurationList = E1A7F2751D7CE23D0094F38D /* Build configuration list for PBXProject "AirtableProject" */;
			compatibilityVersion = "Xcode 3.2";
			developmentRegion = English;
			hasScannedForEncodings = 0;
			knownRegions = (
				en,
				Base,
			);
			mainGroup = E1A7F2711D7CE23D0094F38D;
			productRefGroup = E1A7F27B1D7CE23D0094F38D /* Products */;
			projectDirPath = "";
			projectRoot = "";
			targets = (
				E1A7F2791D7CE23D0094F38D /* AirtableProject */,
			);
		};
/* End PBXProject section */

/* Begin PBXResourcesBuildPhase section */
		E1A7F2781D7CE23D0094F38D /* Resources */ = {
			isa = PBXResourcesBuildPhase;
			buildActionMask = 2147483647;
			files = (
				E1A7F2901D7CE67B0094F38D /* .gitignore in Resources */,
				E1A7F2881D7CE23D0094F38D /* LaunchScreen.storyboard in Resources */,
				E1A7F2851D7CE23D0094F38D /* Assets.xcassets in Resources */,
				E1A7F2831D7CE23D0094F38D /* Main.storyboard in Resources */,
			);
			runOnlyForDeploymentPostprocessing = 0;
		};
/* End PBXResourcesBuildPhase section */

/* Begin PBXShellScriptBuildPhase section */
		79FFDE883CB57F37CB1E4482 /* [CP] Embed Pods Frameworks */ = {
			isa = PBXShellScriptBuildPhase;
			buildActionMask = 2147483647;
			files = (
			);
			inputPaths = (
			);
			name = "[CP] Embed Pods Frameworks";
			outputPaths = (
			);
			runOnlyForDeploymentPostprocessing = 0;
			shellPath = /bin/sh;
			shellScript = "\"${SRCROOT}/Pods/Target Support Files/Pods-AirtableProject/Pods-AirtableProject-frameworks.sh\"\n";
			showEnvVarsInLog = 0;
		};
		7A20DF1EB7B7AD005128C281 /* [CP] Copy Pods Resources */ = {
			isa = PBXShellScriptBuildPhase;
			buildActionMask = 2147483647;
			files = (
			);
			inputPaths = (
			);
			name = "[CP] Copy Pods Resources";
			outputPaths = (
			);
			runOnlyForDeploymentPostprocessing = 0;
			shellPath = /bin/sh;
			shellScript = "\"${SRCROOT}/Pods/Target Support Files/Pods-AirtableProject/Pods-AirtableProject-resources.sh\"\n";
			showEnvVarsInLog = 0;
		};
		7C1DB5EC3B5784E36208C50E /* [CP] Check Pods Manifest.lock */ = {
			isa = PBXShellScriptBuildPhase;
			buildActionMask = 2147483647;
			files = (
			);
			inputPaths = (
			);
			name = "[CP] Check Pods Manifest.lock";
			outputPaths = (
			);
			runOnlyForDeploymentPostprocessing = 0;
			shellPath = /bin/sh;
			shellScript = "diff \"${PODS_ROOT}/../Podfile.lock\" \"${PODS_ROOT}/Manifest.lock\" > /dev/null\nif [[ $? != 0 ]] ; then\n    cat << EOM\nerror: The sandbox is not in sync with the Podfile.lock. Run 'pod install' or update your CocoaPods installation.\nEOM\n    exit 1\nfi\n";
			showEnvVarsInLog = 0;
		};
/* End PBXShellScriptBuildPhase section */

/* Begin PBXSourcesBuildPhase section */
		E1A7F2761D7CE23D0094F38D /* Sources */ = {
			isa = PBXSourcesBuildPhase;
			buildActionMask = 2147483647;
			files = (
				E1A7F2801D7CE23D0094F38D /* ViewController.swift in Sources */,
				E1A7F27E1D7CE23D0094F38D /* AppDelegate.swift in Sources */,
			);
			runOnlyForDeploymentPostprocessing = 0;
		};
/* End PBXSourcesBuildPhase section */

/* Begin PBXVariantGroup section */
		E1A7F2811D7CE23D0094F38D /* Main.storyboard */ = {
			isa = PBXVariantGroup;
			children = (
				E1A7F2821D7CE23D0094F38D /* Base */,
			);
			name = Main.storyboard;
			sourceTree = "<group>";
		};
		E1A7F2861D7CE23D0094F38D /* LaunchScreen.storyboard */ = {
			isa = PBXVariantGroup;
			children = (
				E1A7F2871D7CE23D0094F38D /* Base */,
			);
			name = LaunchScreen.storyboard;
			sourceTree = "<group>";
		};
/* End PBXVariantGroup section */

/* Begin XCBuildConfiguration section */
		E1A7F28A1D7CE23D0094F38D /* Debug */ = {
			isa = XCBuildConfiguration;
			buildSettings = {
				ALWAYS_SEARCH_USER_PATHS = NO;
				CLANG_ANALYZER_NONNULL = YES;
				CLANG_CXX_LANGUAGE_STANDARD = "gnu++0x";
				CLANG_CXX_LIBRARY = "libc++";
				CLANG_ENABLE_MODULES = YES;
				CLANG_ENABLE_OBJC_ARC = YES;
				CLANG_WARN_BOOL_CONVERSION = YES;
				CLANG_WARN_CONSTANT_CONVERSION = YES;
				CLANG_WARN_DIRECT_OBJC_ISA_USAGE = YES_ERROR;
				CLANG_WARN_EMPTY_BODY = YES;
				CLANG_WARN_ENUM_CONVERSION = YES;
				CLANG_WARN_INT_CONVERSION = YES;
				CLANG_WARN_OBJC_ROOT_CLASS = YES_ERROR;
				CLANG_WARN_UNREACHABLE_CODE = YES;
				CLANG_WARN__DUPLICATE_METHOD_MATCH = YES;
				"CODE_SIGN_IDENTITY[sdk=iphoneos*]" = "iPhone Developer";
				COPY_PHASE_STRIP = NO;
				DEBUG_INFORMATION_FORMAT = dwarf;
				ENABLE_STRICT_OBJC_MSGSEND = YES;
				ENABLE_TESTABILITY = YES;
				GCC_C_LANGUAGE_STANDARD = gnu99;
				GCC_DYNAMIC_NO_PIC = NO;
				GCC_NO_COMMON_BLOCKS = YES;
				GCC_OPTIMIZATION_LEVEL = 0;
				GCC_PREPROCESSOR_DEFINITIONS = (
					"DEBUG=1",
					"$(inherited)",
				);
				GCC_WARN_64_TO_32_BIT_CONVERSION = YES;
				GCC_WARN_ABOUT_RETURN_TYPE = YES_ERROR;
				GCC_WARN_UNDECLARED_SELECTOR = YES;
				GCC_WARN_UNINITIALIZED_AUTOS = YES_AGGRESSIVE;
				GCC_WARN_UNUSED_FUNCTION = YES;
				GCC_WARN_UNUSED_VARIABLE = YES;
				IPHONEOS_DEPLOYMENT_TARGET = 9.3;
				MTL_ENABLE_DEBUG_INFO = YES;
				ONLY_ACTIVE_ARCH = YES;
				SDKROOT = iphoneos;
				SWIFT_OPTIMIZATION_LEVEL = "-Onone";
				TARGETED_DEVICE_FAMILY = "1,2";
			};
			name = Debug;
		};
		E1A7F28B1D7CE23D0094F38D /* Release */ = {
			isa = XCBuildConfiguration;
			buildSettings = {
				ALWAYS_SEARCH_USER_PATHS = NO;
				CLANG_ANALYZER_NONNULL = YES;
				CLANG_CXX_LANGUAGE_STANDARD = "gnu++0x";
				CLANG_CXX_LIBRARY = "libc++";
				CLANG_ENABLE_MODULES = YES;
				CLANG_ENABLE_OBJC_ARC = YES;
				CLANG_WARN_BOOL_CONVERSION = YES;
				CLANG_WARN_CONSTANT_CONVERSION = YES;
				CLANG_WARN_DIRECT_OBJC_ISA_USAGE = YES_ERROR;
				CLANG_WARN_EMPTY_BODY = YES;
				CLANG_WARN_ENUM_CONVERSION = YES;
				CLANG_WARN_INT_CONVERSION = YES;
				CLANG_WARN_OBJC_ROOT_CLASS = YES_ERROR;
				CLANG_WARN_UNREACHABLE_CODE = YES;
				CLANG_WARN__DUPLICATE_METHOD_MATCH = YES;
				"CODE_SIGN_IDENTITY[sdk=iphoneos*]" = "iPhone Developer";
				COPY_PHASE_STRIP = NO;
				DEBUG_INFORMATION_FORMAT = "dwarf-with-dsym";
				ENABLE_NS_ASSERTIONS = NO;
				ENABLE_STRICT_OBJC_MSGSEND = YES;
				GCC_C_LANGUAGE_STANDARD = gnu99;
				GCC_NO_COMMON_BLOCKS = YES;
				GCC_WARN_64_TO_32_BIT_CONVERSION = YES;
				GCC_WARN_ABOUT_RETURN_TYPE = YES_ERROR;
				GCC_WARN_UNDECLARED_SELECTOR = YES;
				GCC_WARN_UNINITIALIZED_AUTOS = YES_AGGRESSIVE;
				GCC_WARN_UNUSED_FUNCTION = YES;
				GCC_WARN_UNUSED_VARIABLE = YES;
				IPHONEOS_DEPLOYMENT_TARGET = 9.3;
				MTL_ENABLE_DEBUG_INFO = NO;
				SDKROOT = iphoneos;
				TARGETED_DEVICE_FAMILY = "1,2";
				VALIDATE_PRODUCT = YES;
			};
			name = Release;
		};
		E1A7F28D1D7CE23D0094F38D /* Debug */ = {
			isa = XCBuildConfiguration;
			baseConfigurationReference = 5B83D7B0F9982AD8F6451339 /* Pods-AirtableProject.debug.xcconfig */;
			buildSettings = {
				ASSETCATALOG_COMPILER_APPICON_NAME = AppIcon;
				CODE_SIGN_IDENTITY = "iPhone Developer";
				INFOPLIST_FILE = AirtableProject/Info.plist;
				LD_RUNPATH_SEARCH_PATHS = "$(inherited) @executable_path/Frameworks";
				PRODUCT_BUNDLE_IDENTIFIER = MarkKoslow.AirtableProject;
				PRODUCT_NAME = "$(TARGET_NAME)";
			};
			name = Debug;
		};
		E1A7F28E1D7CE23D0094F38D /* Release */ = {
			isa = XCBuildConfiguration;
			baseConfigurationReference = A603AAF9C2C95C746952ADE2 /* Pods-AirtableProject.release.xcconfig */;
			buildSettings = {
				ASSETCATALOG_COMPILER_APPICON_NAME = AppIcon;
				CODE_SIGN_IDENTITY = "iPhone Developer";
				INFOPLIST_FILE = AirtableProject/Info.plist;
				LD_RUNPATH_SEARCH_PATHS = "$(inherited) @executable_path/Frameworks";
				PRODUCT_BUNDLE_IDENTIFIER = MarkKoslow.AirtableProject;
				PRODUCT_NAME = "$(TARGET_NAME)";
			};
			name = Release;
		};
/* End XCBuildConfiguration section */

/* Begin XCConfigurationList section */
		E1A7F2751D7CE23D0094F38D /* Build configuration list for PBXProject "AirtableProject" */ = {
			isa = XCConfigurationList;
			buildConfigurations = (
				E1A7F28A1D7CE23D0094F38D /* Debug */,
				E1A7F28B1D7CE23D0094F38D /* Release */,
			);
			defaultConfigurationIsVisible = 0;
			defaultConfigurationName = Release;
		};
		E1A7F28C1D7CE23D0094F38D /* Build configuration list for PBXNativeTarget "AirtableProject" */ = {
			isa = XCConfigurationList;
			buildConfigurations = (
				E1A7F28D1D7CE23D0094F38D /* Debug */,
				E1A7F28E1D7CE23D0094F38D /* Release */,
			);
			defaultConfigurationIsVisible = 0;
			defaultConfigurationName = Release;
		};
/* End XCConfigurationList section */
	};
	rootObject = E1A7F2721D7CE23D0094F38D /* Project object */;
}
